
Microsoft Visual Studio Solution File, Format Version 12.00
# Visual Studio 15
VisualStudioVersion = 15.0.26124.0
MinimumVisualStudioVersion = 15.0.26124.0
Project("{2150E333-8FDC-42A3-9474-1A3956D46DE8}") = "src", "src", "{B2475BFF-CD77-4B6E-A257-D39E20E725DA}"
EndProject
Project("{FAE04EC0-301F-11D3-BF4B-00C04F79EFBC}") = "MyEnterpriseBlazor", "src\MyEnterpriseBlazor\MyEnterpriseBlazor.csproj", "{AD1AEF33-24C5-408C-8C18-B73282E2E39C}"
EndProject
Project("{2150E333-8FDC-42A3-9474-1A3956D46DE8}") = "test", "test", "{382A1C9E-7EF7-48DF-9291-FA3F31E2DC3B}"
EndProject
Project("{FAE04EC0-301F-11D3-BF4B-00C04F79EFBC}") = "MyEnterpriseBlazor.Test", "test\MyEnterpriseBlazor.Test\MyEnterpriseBlazor.Test.csproj", "{A88FF5BA-5838-4F23-ACE6-3DEE86C8CF0B}"
EndProject
Project("{FAE04EC0-301F-11D3-BF4B-00C04F79EFBC}") = "MyEnterpriseBlazor.Crosscutting", "src\MyEnterpriseBlazor.Crosscutting\MyEnterpriseBlazor.Crosscutting.csproj", "{4F80EDE3-8C35-4BD0-BD6D-5BBE25BA2D0D}"
EndProject
Project("{FAE04EC0-301F-11D3-BF4B-00C04F79EFBC}") = "MyEnterpriseBlazor.Domain", "src\MyEnterpriseBlazor.Domain\MyEnterpriseBlazor.Domain.csproj", "{E47940B8-31E8-4A26-B5F9-ABF812353B2F}"
EndProject
Project("{FAE04EC0-301F-11D3-BF4B-00C04F79EFBC}") = "MyEnterpriseBlazor.Dto", "src\MyEnterpriseBlazor.Dto\MyEnterpriseBlazor.Dto.csproj", "{DC74DD29-BD86-4B23-8337-8510AD3BEDF5}"
EndProject
Project("{FAE04EC0-301F-11D3-BF4B-00C04F79EFBC}") = "MyEnterpriseBlazor.Domain.Services", "src\MyEnterpriseBlazor.Domain.Services\MyEnterpriseBlazor.Domain.Services.csproj", "{09860FCC-5161-40D0-94FF-549F277112F0}"
EndProject
Project("{FAE04EC0-301F-11D3-BF4B-00C04F79EFBC}") = "MyEnterpriseBlazor.Infrastructure", "src\MyEnterpriseBlazor.Infrastructure\MyEnterpriseBlazor.Infrastructure.csproj", "{9295737C-BB4B-4B43-AB5F-3B6DA26A43D3}"
EndProject
Project("{2150E333-8FDC-42A3-9474-1A3956D46DE8}") = "client", "client", "{0D442D89-C487-4473-89D1-C9119E9CD781}"
EndProject
Project("{FAE04EC0-301F-11D3-BF4B-00C04F79EFBC}") = "MyEnterpriseBlazor.Client", "src\client\MyEnterpriseBlazor.Client\MyEnterpriseBlazor.Client.csproj", "{BC929CBB-4B26-49BC-965F-31B5321D125C}"
EndProject
Project("{FAE04EC0-301F-11D3-BF4B-00C04F79EFBC}") = "MyEnterpriseBlazor.Client.Shared", "src\client\MyEnterpriseBlazor.Client.Shared\MyEnterpriseBlazor.Client.Shared.csproj", "{395A4D75-4762-410C-8971-B6774A086ED4}"
EndProject
Project("{FAE04EC0-301F-11D3-BF4B-00C04F79EFBC}") = "MyEnterpriseBlazor.Client.Test", "test\MyEnterpriseBlazor.Client.Test\MyEnterpriseBlazor.Client.Test.csproj", "{34D9704B-7311-4A18-AFFD-32F317380E7D}"
EndProject
Global
	GlobalSection(SolutionConfigurationPlatforms) = preSolution
		Debug|Any CPU = Debug|Any CPU
		Debug|x64 = Debug|x64
		Debug|x86 = Debug|x86
		Release|Any CPU = Release|Any CPU
		Release|x64 = Release|x64
		Release|x86 = Release|x86
	EndGlobalSection
	GlobalSection(SolutionProperties) = preSolution
		HideSolutionNode = FALSE
	EndGlobalSection
	GlobalSection(ProjectConfigurationPlatforms) = postSolution
		{AD1AEF33-24C5-408C-8C18-B73282E2E39C}.Debug|Any CPU.ActiveCfg = Debug|Any CPU
		{AD1AEF33-24C5-408C-8C18-B73282E2E39C}.Debug|Any CPU.Build.0 = Debug|Any CPU
		{AD1AEF33-24C5-408C-8C18-B73282E2E39C}.Debug|x64.ActiveCfg = Debug|Any CPU
		{AD1AEF33-24C5-408C-8C18-B73282E2E39C}.Debug|x64.Build.0 = Debug|Any CPU
		{AD1AEF33-24C5-408C-8C18-B73282E2E39C}.Debug|x86.ActiveCfg = Debug|Any CPU
		{AD1AEF33-24C5-408C-8C18-B73282E2E39C}.Debug|x86.Build.0 = Debug|Any CPU
		{AD1AEF33-24C5-408C-8C18-B73282E2E39C}.Release|Any CPU.ActiveCfg = Release|Any CPU
		{AD1AEF33-24C5-408C-8C18-B73282E2E39C}.Release|Any CPU.Build.0 = Release|Any CPU
		{AD1AEF33-24C5-408C-8C18-B73282E2E39C}.Release|x64.ActiveCfg = Release|Any CPU
		{AD1AEF33-24C5-408C-8C18-B73282E2E39C}.Release|x64.Build.0 = Release|Any CPU
		{AD1AEF33-24C5-408C-8C18-B73282E2E39C}.Release|x86.ActiveCfg = Release|Any CPU
		{AD1AEF33-24C5-408C-8C18-B73282E2E39C}.Release|x86.Build.0 = Release|Any CPU
		{A88FF5BA-5838-4F23-ACE6-3DEE86C8CF0B}.Debug|Any CPU.ActiveCfg = Debug|Any CPU
		{A88FF5BA-5838-4F23-ACE6-3DEE86C8CF0B}.Debug|Any CPU.Build.0 = Debug|Any CPU
		{A88FF5BA-5838-4F23-ACE6-3DEE86C8CF0B}.Debug|x64.ActiveCfg = Debug|Any CPU
		{A88FF5BA-5838-4F23-ACE6-3DEE86C8CF0B}.Debug|x64.Build.0 = Debug|Any CPU
		{A88FF5BA-5838-4F23-ACE6-3DEE86C8CF0B}.Debug|x86.ActiveCfg = Debug|Any CPU
		{A88FF5BA-5838-4F23-ACE6-3DEE86C8CF0B}.Debug|x86.Build.0 = Debug|Any CPU
		{A88FF5BA-5838-4F23-ACE6-3DEE86C8CF0B}.Release|Any CPU.ActiveCfg = Release|Any CPU
		{A88FF5BA-5838-4F23-ACE6-3DEE86C8CF0B}.Release|Any CPU.Build.0 = Release|Any CPU
		{A88FF5BA-5838-4F23-ACE6-3DEE86C8CF0B}.Release|x64.ActiveCfg = Release|Any CPU
		{A88FF5BA-5838-4F23-ACE6-3DEE86C8CF0B}.Release|x64.Build.0 = Release|Any CPU
		{A88FF5BA-5838-4F23-ACE6-3DEE86C8CF0B}.Release|x86.ActiveCfg = Release|Any CPU
		{A88FF5BA-5838-4F23-ACE6-3DEE86C8CF0B}.Release|x86.Build.0 = Release|Any CPU
		{4F80EDE3-8C35-4BD0-BD6D-5BBE25BA2D0D}.Debug|Any CPU.ActiveCfg = Debug|Any CPU
		{4F80EDE3-8C35-4BD0-BD6D-5BBE25BA2D0D}.Debug|Any CPU.Build.0 = Debug|Any CPU
		{4F80EDE3-8C35-4BD0-BD6D-5BBE25BA2D0D}.Debug|x64.ActiveCfg = Debug|Any CPU
		{4F80EDE3-8C35-4BD0-BD6D-5BBE25BA2D0D}.Debug|x64.Build.0 = Debug|Any CPU
		{4F80EDE3-8C35-4BD0-BD6D-5BBE25BA2D0D}.Debug|x86.ActiveCfg = Debug|Any CPU
		{4F80EDE3-8C35-4BD0-BD6D-5BBE25BA2D0D}.Debug|x86.Build.0 = Debug|Any CPU
		{4F80EDE3-8C35-4BD0-BD6D-5BBE25BA2D0D}.Release|Any CPU.ActiveCfg = Release|Any CPU
		{4F80EDE3-8C35-4BD0-BD6D-5BBE25BA2D0D}.Release|Any CPU.Build.0 = Release|Any CPU
		{4F80EDE3-8C35-4BD0-BD6D-5BBE25BA2D0D}.Release|x64.ActiveCfg = Release|Any CPU
		{4F80EDE3-8C35-4BD0-BD6D-5BBE25BA2D0D}.Release|x64.Build.0 = Release|Any CPU
		{4F80EDE3-8C35-4BD0-BD6D-5BBE25BA2D0D}.Release|x86.ActiveCfg = Release|Any CPU
		{4F80EDE3-8C35-4BD0-BD6D-5BBE25BA2D0D}.Release|x86.Build.0 = Release|Any CPU
		{E47940B8-31E8-4A26-B5F9-ABF812353B2F}.Debug|Any CPU.ActiveCfg = Debug|Any CPU
		{E47940B8-31E8-4A26-B5F9-ABF812353B2F}.Debug|Any CPU.Build.0 = Debug|Any CPU
		{E47940B8-31E8-4A26-B5F9-ABF812353B2F}.Debug|x64.ActiveCfg = Debug|Any CPU
		{E47940B8-31E8-4A26-B5F9-ABF812353B2F}.Debug|x64.Build.0 = Debug|Any CPU
		{E47940B8-31E8-4A26-B5F9-ABF812353B2F}.Debug|x86.ActiveCfg = Debug|Any CPU
		{E47940B8-31E8-4A26-B5F9-ABF812353B2F}.Debug|x86.Build.0 = Debug|Any CPU
		{E47940B8-31E8-4A26-B5F9-ABF812353B2F}.Release|Any CPU.ActiveCfg = Release|Any CPU
		{E47940B8-31E8-4A26-B5F9-ABF812353B2F}.Release|Any CPU.Build.0 = Release|Any CPU
		{E47940B8-31E8-4A26-B5F9-ABF812353B2F}.Release|x64.ActiveCfg = Release|Any CPU
		{E47940B8-31E8-4A26-B5F9-ABF812353B2F}.Release|x64.Build.0 = Release|Any CPU
		{E47940B8-31E8-4A26-B5F9-ABF812353B2F}.Release|x86.ActiveCfg = Release|Any CPU
		{E47940B8-31E8-4A26-B5F9-ABF812353B2F}.Release|x86.Build.0 = Release|Any CPU
		{DC74DD29-BD86-4B23-8337-8510AD3BEDF5}.Debug|Any CPU.ActiveCfg = Debug|Any CPU
		{DC74DD29-BD86-4B23-8337-8510AD3BEDF5}.Debug|Any CPU.Build.0 = Debug|Any CPU
		{DC74DD29-BD86-4B23-8337-8510AD3BEDF5}.Debug|x64.ActiveCfg = Debug|Any CPU
		{DC74DD29-BD86-4B23-8337-8510AD3BEDF5}.Debug|x64.Build.0 = Debug|Any CPU
		{DC74DD29-BD86-4B23-8337-8510AD3BEDF5}.Debug|x86.ActiveCfg = Debug|Any CPU
		{DC74DD29-BD86-4B23-8337-8510AD3BEDF5}.Debug|x86.Build.0 = Debug|Any CPU
		{DC74DD29-BD86-4B23-8337-8510AD3BEDF5}.Release|Any CPU.ActiveCfg = Release|Any CPU
		{DC74DD29-BD86-4B23-8337-8510AD3BEDF5}.Release|Any CPU.Build.0 = Release|Any CPU
		{DC74DD29-BD86-4B23-8337-8510AD3BEDF5}.Release|x64.ActiveCfg = Release|Any CPU
		{DC74DD29-BD86-4B23-8337-8510AD3BEDF5}.Release|x64.Build.0 = Release|Any CPU
		{DC74DD29-BD86-4B23-8337-8510AD3BEDF5}.Release|x86.ActiveCfg = Release|Any CPU
		{DC74DD29-BD86-4B23-8337-8510AD3BEDF5}.Release|x86.Build.0 = Release|Any CPU
		{09860FCC-5161-40D0-94FF-549F277112F0}.Debug|Any CPU.ActiveCfg = Debug|Any CPU
		{09860FCC-5161-40D0-94FF-549F277112F0}.Debug|Any CPU.Build.0 = Debug|Any CPU
		{09860FCC-5161-40D0-94FF-549F277112F0}.Debug|x64.ActiveCfg = Debug|Any CPU
		{09860FCC-5161-40D0-94FF-549F277112F0}.Debug|x64.Build.0 = Debug|Any CPU
		{09860FCC-5161-40D0-94FF-549F277112F0}.Debug|x86.ActiveCfg = Debug|Any CPU
		{09860FCC-5161-40D0-94FF-549F277112F0}.Debug|x86.Build.0 = Debug|Any CPU
		{09860FCC-5161-40D0-94FF-549F277112F0}.Release|Any CPU.ActiveCfg = Release|Any CPU
		{09860FCC-5161-40D0-94FF-549F277112F0}.Release|Any CPU.Build.0 = Release|Any CPU
		{09860FCC-5161-40D0-94FF-549F277112F0}.Release|x64.ActiveCfg = Release|Any CPU
		{09860FCC-5161-40D0-94FF-549F277112F0}.Release|x64.Build.0 = Release|Any CPU
		{09860FCC-5161-40D0-94FF-549F277112F0}.Release|x86.ActiveCfg = Release|Any CPU
		{09860FCC-5161-40D0-94FF-549F277112F0}.Release|x86.Build.0 = Release|Any CPU
		{9295737C-BB4B-4B43-AB5F-3B6DA26A43D3}.Debug|Any CPU.ActiveCfg = Debug|Any CPU
		{9295737C-BB4B-4B43-AB5F-3B6DA26A43D3}.Debug|Any CPU.Build.0 = Debug|Any CPU
		{9295737C-BB4B-4B43-AB5F-3B6DA26A43D3}.Debug|x64.ActiveCfg = Debug|Any CPU
		{9295737C-BB4B-4B43-AB5F-3B6DA26A43D3}.Debug|x64.Build.0 = Debug|Any CPU
		{9295737C-BB4B-4B43-AB5F-3B6DA26A43D3}.Debug|x86.ActiveCfg = Debug|Any CPU
		{9295737C-BB4B-4B43-AB5F-3B6DA26A43D3}.Debug|x86.Build.0 = Debug|Any CPU
		{9295737C-BB4B-4B43-AB5F-3B6DA26A43D3}.Release|Any CPU.ActiveCfg = Release|Any CPU
		{9295737C-BB4B-4B43-AB5F-3B6DA26A43D3}.Release|Any CPU.Build.0 = Release|Any CPU
		{9295737C-BB4B-4B43-AB5F-3B6DA26A43D3}.Release|x64.ActiveCfg = Release|Any CPU
		{9295737C-BB4B-4B43-AB5F-3B6DA26A43D3}.Release|x64.Build.0 = Release|Any CPU
		{9295737C-BB4B-4B43-AB5F-3B6DA26A43D3}.Release|x86.ActiveCfg = Release|Any CPU
		{9295737C-BB4B-4B43-AB5F-3B6DA26A43D3}.Release|x86.Build.0 = Release|Any CPU
		{BC929CBB-4B26-49BC-965F-31B5321D125C}.Debug|Any CPU.ActiveCfg = Debug|Any CPU
		{BC929CBB-4B26-49BC-965F-31B5321D125C}.Debug|Any CPU.Build.0 = Debug|Any CPU
		{BC929CBB-4B26-49BC-965F-31B5321D125C}.Debug|x64.ActiveCfg = Debug|Any CPU
		{BC929CBB-4B26-49BC-965F-31B5321D125C}.Debug|x64.Build.0 = Debug|Any CPU
		{BC929CBB-4B26-49BC-965F-31B5321D125C}.Debug|x86.ActiveCfg = Debug|Any CPU
		{BC929CBB-4B26-49BC-965F-31B5321D125C}.Debug|x86.Build.0 = Debug|Any CPU
		{BC929CBB-4B26-49BC-965F-31B5321D125C}.Release|Any CPU.ActiveCfg = Release|Any CPU
		{BC929CBB-4B26-49BC-965F-31B5321D125C}.Release|Any CPU.Build.0 = Release|Any CPU
		{BC929CBB-4B26-49BC-965F-31B5321D125C}.Release|x64.ActiveCfg = Release|Any CPU
		{BC929CBB-4B26-49BC-965F-31B5321D125C}.Release|x64.Build.0 = Release|Any CPU
		{BC929CBB-4B26-49BC-965F-31B5321D125C}.Release|x86.ActiveCfg = Release|Any CPU
		{BC929CBB-4B26-49BC-965F-31B5321D125C}.Release|x86.Build.0 = Release|Any CPU
		{395A4D75-4762-410C-8971-B6774A086ED4}.Debug|Any CPU.ActiveCfg = Debug|Any CPU
		{395A4D75-4762-410C-8971-B6774A086ED4}.Debug|Any CPU.Build.0 = Debug|Any CPU
		{395A4D75-4762-410C-8971-B6774A086ED4}.Debug|x64.ActiveCfg = Debug|Any CPU
		{395A4D75-4762-410C-8971-B6774A086ED4}.Debug|x64.Build.0 = Debug|Any CPU
		{395A4D75-4762-410C-8971-B6774A086ED4}.Debug|x86.ActiveCfg = Debug|Any CPU
		{395A4D75-4762-410C-8971-B6774A086ED4}.Debug|x86.Build.0 = Debug|Any CPU
		{395A4D75-4762-410C-8971-B6774A086ED4}.Release|Any CPU.ActiveCfg = Release|Any CPU
		{395A4D75-4762-410C-8971-B6774A086ED4}.Release|Any CPU.Build.0 = Release|Any CPU
		{395A4D75-4762-410C-8971-B6774A086ED4}.Release|x64.ActiveCfg = Release|Any CPU
		{395A4D75-4762-410C-8971-B6774A086ED4}.Release|x64.Build.0 = Release|Any CPU
		{395A4D75-4762-410C-8971-B6774A086ED4}.Release|x86.ActiveCfg = Release|Any CPU
		{395A4D75-4762-410C-8971-B6774A086ED4}.Release|x86.Build.0 = Release|Any CPU
		{34D9704B-7311-4A18-AFFD-32F317380E7D}.Debug|Any CPU.ActiveCfg = Debug|Any CPU
		{34D9704B-7311-4A18-AFFD-32F317380E7D}.Debug|Any CPU.Build.0 = Debug|Any CPU
		{34D9704B-7311-4A18-AFFD-32F317380E7D}.Debug|x64.ActiveCfg = Debug|Any CPU
		{34D9704B-7311-4A18-AFFD-32F317380E7D}.Debug|x64.Build.0 = Debug|Any CPU
		{34D9704B-7311-4A18-AFFD-32F317380E7D}.Debug|x86.ActiveCfg = Debug|Any CPU
		{34D9704B-7311-4A18-AFFD-32F317380E7D}.Debug|x86.Build.0 = Debug|Any CPU
		{34D9704B-7311-4A18-AFFD-32F317380E7D}.Release|Any CPU.ActiveCfg = Release|Any CPU
		{34D9704B-7311-4A18-AFFD-32F317380E7D}.Release|Any CPU.Build.0 = Release|Any CPU
		{34D9704B-7311-4A18-AFFD-32F317380E7D}.Release|x64.ActiveCfg = Release|Any CPU
		{34D9704B-7311-4A18-AFFD-32F317380E7D}.Release|x64.Build.0 = Release|Any CPU
		{34D9704B-7311-4A18-AFFD-32F317380E7D}.Release|x86.ActiveCfg = Release|Any CPU
		{34D9704B-7311-4A18-AFFD-32F317380E7D}.Release|x86.Build.0 = Release|Any CPU
	EndGlobalSection
	GlobalSection(NestedProjects) = preSolution
		{AD1AEF33-24C5-408C-8C18-B73282E2E39C} = {B2475BFF-CD77-4B6E-A257-D39E20E725DA}
		{A88FF5BA-5838-4F23-ACE6-3DEE86C8CF0B} = {382A1C9E-7EF7-48DF-9291-FA3F31E2DC3B}
		{4F80EDE3-8C35-4BD0-BD6D-5BBE25BA2D0D} = {B2475BFF-CD77-4B6E-A257-D39E20E725DA}
		{E47940B8-31E8-4A26-B5F9-ABF812353B2F} = {B2475BFF-CD77-4B6E-A257-D39E20E725DA}
		{DC74DD29-BD86-4B23-8337-8510AD3BEDF5} = {B2475BFF-CD77-4B6E-A257-D39E20E725DA}
		{09860FCC-5161-40D0-94FF-549F277112F0} = {B2475BFF-CD77-4B6E-A257-D39E20E725DA}
		{9295737C-BB4B-4B43-AB5F-3B6DA26A43D3} = {B2475BFF-CD77-4B6E-A257-D39E20E725DA}
		{0D442D89-C487-4473-89D1-C9119E9CD781} = {B2475BFF-CD77-4B6E-A257-D39E20E725DA}
		{BC929CBB-4B26-49BC-965F-31B5321D125C} = {0D442D89-C487-4473-89D1-C9119E9CD781}
		{395A4D75-4762-410C-8971-B6774A086ED4} = {0D442D89-C487-4473-89D1-C9119E9CD781}
		{34D9704B-7311-4A18-AFFD-32F317380E7D} = {382A1C9E-7EF7-48DF-9291-FA3F31E2DC3B}
	EndGlobalSection
EndGlobal
